
Microsoft Visual Studio Solution File, Format Version 12.00
# Visual Studio Version 16
VisualStudioVersion = 16.0.30204.135
MinimumVisualStudioVersion = 10.0.40219.1
Project("{FAE04EC0-301F-11D3-BF4B-00C04F79EFBC}") = "TestAPI", "TestAPI.csproj", "{A9F09B03-A16C-471F-889C-C6A918097FAA}"
EndProject
Global
	GlobalSection(SolutionConfigurationPlatforms) = preSolution
		Debug|Any CPU = Debug|Any CPU
		Release|Any CPU = Release|Any CPU
	EndGlobalSection
	GlobalSection(ProjectConfigurationPlatforms) = postSolution
		{A9F09B03-A16C-471F-889C-C6A918097FAA}.Debug|Any CPU.ActiveCfg = Debug|Any CPU
		{A9F09B03-A16C-471F-889C-C6A918097FAA}.Debug|Any CPU.Build.0 = Debug|Any CPU
		{A9F09B03-A16C-471F-889C-C6A918097FAA}.Release|Any CPU.ActiveCfg = Release|Any CPU
		{A9F09B03-A16C-471F-889C-C6A918097FAA}.Release|Any CPU.Build.0 = Release|Any CPU
	EndGlobalSection
	GlobalSection(SolutionProperties) = preSolution
		HideSolutionNode = FALSE
	EndGlobalSection
	GlobalSection(ExtensibilityGlobals) = postSolution
		SolutionGuid = {FFEDD90B-2B99-4064-B4FD-C673F2B1503A}
	EndGlobalSection
EndGlobal
